
Microsoft Visual Studio Solution File, Format Version 12.00
# Visual Studio 15
VisualStudioVersion = 15.0.28307.168
MinimumVisualStudioVersion = 10.0.40219.1
Project("{FAE04EC0-301F-11D3-BF4B-00C04F79EFBC}") = "Kimdoyeop", "Kimdoyeop.csproj", "{013C1E3F-AD45-4B27-9182-ADDA8FBBD066}"
EndProject
Global
	GlobalSection(SolutionConfigurationPlatforms) = preSolution
		Debug|Any CPU = Debug|Any CPU
		Release|Any CPU = Release|Any CPU
	EndGlobalSection
	GlobalSection(ProjectConfigurationPlatforms) = postSolution
		{013C1E3F-AD45-4B27-9182-ADDA8FBBD066}.Debug|Any CPU.ActiveCfg = Debug|Any CPU
		{013C1E3F-AD45-4B27-9182-ADDA8FBBD066}.Debug|Any CPU.Build.0 = Debug|Any CPU
		{013C1E3F-AD45-4B27-9182-ADDA8FBBD066}.Release|Any CPU.ActiveCfg = Release|Any CPU
		{013C1E3F-AD45-4B27-9182-ADDA8FBBD066}.Release|Any CPU.Build.0 = Release|Any CPU
	EndGlobalSection
	GlobalSection(SolutionProperties) = preSolution
		HideSolutionNode = FALSE
	EndGlobalSection
	GlobalSection(ExtensibilityGlobals) = postSolution
		SolutionGuid = {3815126F-8730-4075-812A-5DF98DAC0646}
	EndGlobalSection
EndGlobal
